
Microsoft Visual Studio Solution File, Format Version 12.00
# Visual Studio 15
VisualStudioVersion = 15.0.27428.2015
MinimumVisualStudioVersion = 10.0.40219.1
Project("{FAE04EC0-301F-11D3-BF4B-00C04F79EFBC}") = "donhauro.WorkingWithLegacyCode.Console", "donhauro.WorkingWithLegacyCode.Console\donhauro.WorkingWithLegacyCode.Console.csproj", "{8CB6B257-BB55-4D4F-A943-025CB2EB29D1}"
EndProject
Project("{FAE04EC0-301F-11D3-BF4B-00C04F79EFBC}") = "donhauro.WorkingWithLegacyCode.Console001", "donhauro.WorkingWithLegacyCode.Console001\donhauro.WorkingWithLegacyCode.Console001.csproj", "{A2151970-6234-407F-AAC8-BBC703021270}"
EndProject
Project("{FAE04EC0-301F-11D3-BF4B-00C04F79EFBC}") = "ConsoleTests", "ConsoleTests\ConsoleTests.csproj", "{D03EC4CF-2C56-4054-8F0E-6A9D759C15A5}"
EndProject
Project("{2150E333-8FDC-42A3-9474-1A3956D46DE8}") = "Sample Display", "Sample Display", "{20B912AF-22F8-4CCE-A7A3-A25228431404}"
EndProject
Project("{2150E333-8FDC-42A3-9474-1A3956D46DE8}") = "BookSamples", "BookSamples", "{B606684E-6E87-46E5-BD1D-EE5963F9633D}"
EndProject
Project("{2150E333-8FDC-42A3-9474-1A3956D46DE8}") = "SproutOutMethode", "SproutOutMethode", "{AAEBAC8D-5687-4D55-A48B-DFE97C07B1C7}"
EndProject
Project("{FAE04EC0-301F-11D3-BF4B-00C04F79EFBC}") = "SproutOutMethod", "SproutOutMethod\SproutOutMethod.csproj", "{A0E1B073-61C1-4A34-B615-D16F799FFD06}"
EndProject
Project("{FAE04EC0-301F-11D3-BF4B-00C04F79EFBC}") = "SproutOutMethodeTest", "SproutOutMethodeTest\SproutOutMethodeTest.csproj", "{5264B05C-F76A-4D1B-841F-C2AC54F1C248}"
EndProject
Project("{2150E333-8FDC-42A3-9474-1A3956D46DE8}") = "SproutOutClass", "SproutOutClass", "{522006E7-8CE6-42F2-84D5-C3B1EC705143}"
EndProject
Project("{FAE04EC0-301F-11D3-BF4B-00C04F79EFBC}") = "SproutOutClass", "SproutOutClass\SproutOutClass.csproj", "{95716E96-9078-4765-8E5F-6447643E6813}"
EndProject
Global
	GlobalSection(SolutionConfigurationPlatforms) = preSolution
		Debug|Any CPU = Debug|Any CPU
		Release|Any CPU = Release|Any CPU
	EndGlobalSection
	GlobalSection(ProjectConfigurationPlatforms) = postSolution
		{8CB6B257-BB55-4D4F-A943-025CB2EB29D1}.Debug|Any CPU.ActiveCfg = Debug|Any CPU
		{8CB6B257-BB55-4D4F-A943-025CB2EB29D1}.Debug|Any CPU.Build.0 = Debug|Any CPU
		{8CB6B257-BB55-4D4F-A943-025CB2EB29D1}.Release|Any CPU.ActiveCfg = Release|Any CPU
		{8CB6B257-BB55-4D4F-A943-025CB2EB29D1}.Release|Any CPU.Build.0 = Release|Any CPU
		{A2151970-6234-407F-AAC8-BBC703021270}.Debug|Any CPU.ActiveCfg = Debug|Any CPU
		{A2151970-6234-407F-AAC8-BBC703021270}.Debug|Any CPU.Build.0 = Debug|Any CPU
		{A2151970-6234-407F-AAC8-BBC703021270}.Release|Any CPU.ActiveCfg = Release|Any CPU
		{A2151970-6234-407F-AAC8-BBC703021270}.Release|Any CPU.Build.0 = Release|Any CPU
		{D03EC4CF-2C56-4054-8F0E-6A9D759C15A5}.Debug|Any CPU.ActiveCfg = Debug|Any CPU
		{D03EC4CF-2C56-4054-8F0E-6A9D759C15A5}.Debug|Any CPU.Build.0 = Debug|Any CPU
		{D03EC4CF-2C56-4054-8F0E-6A9D759C15A5}.Release|Any CPU.ActiveCfg = Release|Any CPU
		{D03EC4CF-2C56-4054-8F0E-6A9D759C15A5}.Release|Any CPU.Build.0 = Release|Any CPU
		{A0E1B073-61C1-4A34-B615-D16F799FFD06}.Debug|Any CPU.ActiveCfg = Debug|Any CPU
		{A0E1B073-61C1-4A34-B615-D16F799FFD06}.Debug|Any CPU.Build.0 = Debug|Any CPU
		{A0E1B073-61C1-4A34-B615-D16F799FFD06}.Release|Any CPU.ActiveCfg = Release|Any CPU
		{A0E1B073-61C1-4A34-B615-D16F799FFD06}.Release|Any CPU.Build.0 = Release|Any CPU
		{5264B05C-F76A-4D1B-841F-C2AC54F1C248}.Debug|Any CPU.ActiveCfg = Debug|Any CPU
		{5264B05C-F76A-4D1B-841F-C2AC54F1C248}.Debug|Any CPU.Build.0 = Debug|Any CPU
		{5264B05C-F76A-4D1B-841F-C2AC54F1C248}.Release|Any CPU.ActiveCfg = Release|Any CPU
		{5264B05C-F76A-4D1B-841F-C2AC54F1C248}.Release|Any CPU.Build.0 = Release|Any CPU
		{95716E96-9078-4765-8E5F-6447643E6813}.Debug|Any CPU.ActiveCfg = Debug|Any CPU
		{95716E96-9078-4765-8E5F-6447643E6813}.Debug|Any CPU.Build.0 = Debug|Any CPU
		{95716E96-9078-4765-8E5F-6447643E6813}.Release|Any CPU.ActiveCfg = Release|Any CPU
		{95716E96-9078-4765-8E5F-6447643E6813}.Release|Any CPU.Build.0 = Release|Any CPU
	EndGlobalSection
	GlobalSection(SolutionProperties) = preSolution
		HideSolutionNode = FALSE
	EndGlobalSection
	GlobalSection(NestedProjects) = preSolution
		{8CB6B257-BB55-4D4F-A943-025CB2EB29D1} = {20B912AF-22F8-4CCE-A7A3-A25228431404}
		{A2151970-6234-407F-AAC8-BBC703021270} = {20B912AF-22F8-4CCE-A7A3-A25228431404}
		{D03EC4CF-2C56-4054-8F0E-6A9D759C15A5} = {20B912AF-22F8-4CCE-A7A3-A25228431404}
		{AAEBAC8D-5687-4D55-A48B-DFE97C07B1C7} = {B606684E-6E87-46E5-BD1D-EE5963F9633D}
		{A0E1B073-61C1-4A34-B615-D16F799FFD06} = {AAEBAC8D-5687-4D55-A48B-DFE97C07B1C7}
		{5264B05C-F76A-4D1B-841F-C2AC54F1C248} = {AAEBAC8D-5687-4D55-A48B-DFE97C07B1C7}
		{522006E7-8CE6-42F2-84D5-C3B1EC705143} = {B606684E-6E87-46E5-BD1D-EE5963F9633D}
		{95716E96-9078-4765-8E5F-6447643E6813} = {522006E7-8CE6-42F2-84D5-C3B1EC705143}
	EndGlobalSection
	GlobalSection(ExtensibilityGlobals) = postSolution
		SolutionGuid = {282FCD46-47EA-4F79-B4D3-8D6DB805D599}
	EndGlobalSection
EndGlobal
